<?xml version="1.0" encoding="utf-8"?>
<Project ToolsVersion="4.0" xmlns="http://schemas.microsoft.com/developer/msbuild/2003">
  <ItemGroup>
    <Filter Include="Game">
      <UniqueIdentifier>{65af20f0-83ba-491e-97d0-a012280a02b7}</UniqueIdentifier>
    </Filter>
    <Filter Include="Logic">
      <UniqueIdentifier>{dc950c45-7607-4585-967e-c248a793d88a}</UniqueIdentifier>
    </Filter>
    <Filter Include="Screen">
      <UniqueIdentifier>{015e844a-a277-46d3-9f6f-e4525fbb9d25}</UniqueIdentifier>
    </Filter>
    <Filter Include="Screen\Credits">
      <UniqueIdentifier>{a154c5c2-6019-4b04-9502-1c1b292e1d96}</UniqueIdentifier>
    </Filter>
    <Filter Include="Screen\Defeat">
      <UniqueIdentifier>{69dae809-2f13-4b21-a756-8afab20b8c9c}</UniqueIdentifier>
    </Filter>
    <Filter Include="Screen\Gameplay">
      <UniqueIdentifier>{917c7dba-0e37-4481-8520-8ba4f141cfb7}</UniqueIdentifier>
    </Filter>
    <Filter Include="Screen\Menu">
      <UniqueIdentifier>{91cd1828-d897-472c-9096-701246dbc9a4}</UniqueIdentifier>
    </Filter>
    <Filter Include="Screen\Win">
      <UniqueIdentifier>{661f30bb-e2c4-406f-aa66-a7ed640c9682}</UniqueIdentifier>
    </Filter>
    <Filter Include="Logic\Player">
      <UniqueIdentifier>{ff979276-501a-40be-8f03-15135baeae8a}</UniqueIdentifier>
    </Filter>
  </ItemGroup>
  <ItemGroup>
    <ClCompile Include="..\src\main.cpp" />
    <ClCompile Include="..\src\Screen\Screen.cpp">
      <Filter>Screen</Filter>
    </ClCompile>
    <ClCompile Include="..\src\Screen\Menu\Menu.cpp">
      <Filter>Screen\Menu</Filter>
    </ClCompile>
    <ClCompile Include="..\src\Screen\Win\Win.cpp">
      <Filter>Screen\Win</Filter>
    </ClCompile>
    <ClCompile Include="..\src\Screen\Gameplay\Gameplay.cpp">
      <Filter>Screen\Gameplay</Filter>
    </ClCompile>
    <ClCompile Include="..\src\Screen\Defeat\Defeat.cpp">
      <Filter>Screen\Defeat</Filter>
    </ClCompile>
    <ClCompile Include="..\src\Screen\Credits\Credits.cpp">
      <Filter>Screen\Credits</Filter>
    </ClCompile>
    <ClCompile Include="..\src\Logic\Player\Player.cpp">
      <Filter>Logic\Player</Filter>
    </ClCompile>
  </ItemGroup>
  <ItemGroup>
    <ClInclude Include="..\src\Screen\Screen.h">
      <Filter>Screen</Filter>
    </ClInclude>
    <ClInclude Include="..\src\Screen\Menu\Menu.h">
      <Filter>Screen\Menu</Filter>
    </ClInclude>
    <ClInclude Include="..\src\Screen\Win\Win.h">
      <Filter>Screen\Win</Filter>
    </ClInclude>
    <ClInclude Include="..\src\Screen\Gameplay\Gameplay.h">
      <Filter>Screen\Gameplay</Filter>
    </ClInclude>
    <ClInclude Include="..\src\Screen\Defeat\Defeat.h">
      <Filter>Screen\Defeat</Filter>
    </ClInclude>
    <ClInclude Include="..\src\Screen\Credits\Credits.h">
      <Filter>Screen\Credits</Filter>
    </ClInclude>
    <ClInclude Include="..\src\Logic\Player\Player.h">
      <Filter>Logic\Player</Filter>
    </ClInclude>
  </ItemGroup>
</Project>