<?xml version="1.0" encoding="utf-8"?>
<Project ToolsVersion="4.0" xmlns="http://schemas.microsoft.com/developer/msbuild/2003">
  <ItemGroup>
    <ClCompile Include="..\src\main.cpp" />
    <ClCompile Include="..\src\Player\player.cpp">
      <Filter>Player</Filter>
    </ClCompile>
    <ClCompile Include="..\src\Scenes\gameplay.cpp">
      <Filter>Scenes</Filter>
    </ClCompile>
    <ClCompile Include="..\src\Scenes\menu.cpp">
      <Filter>Scenes</Filter>
    </ClCompile>
    <ClCompile Include="..\src\Logic\game.cpp">
      <Filter>Logic</Filter>
    </ClCompile>
    <ClCompile Include="..\src\Utility\camera.cpp">
      <Filter>Utility</Filter>
    </ClCompile>
    <ClCompile Include="gameOver.cpp">
      <Filter>Scenes</Filter>
    </ClCompile>
    <ClCompile Include="credits.cpp">
      <Filter>Scenes</Filter>
    </ClCompile>
  </ItemGroup>
  <ItemGroup>
    <Filter Include="Player">
      <UniqueIdentifier>{28c33277-ab9c-4043-b43e-613b3985004d}</UniqueIdentifier>
    </Filter>
    <Filter Include="Scenes">
      <UniqueIdentifier>{dad16424-4976-4b87-ba67-c7ce76d5a6bd}</UniqueIdentifier>
    </Filter>
    <Filter Include="Utility">
      <UniqueIdentifier>{41a4585a-44bd-4d30-91d6-53afa4d427cc}</UniqueIdentifier>
    </Filter>
    <Filter Include="Logic">
      <UniqueIdentifier>{7cdbb824-d6cb-493f-af9f-129fd016dc56}</UniqueIdentifier>
    </Filter>
    <Filter Include="pugixml">
      <UniqueIdentifier>{e5a8d881-fa6e-4bfe-b431-fcf5ac568ba3}</UniqueIdentifier>
    </Filter>
  </ItemGroup>
  <ItemGroup>
    <ClInclude Include="..\src\Player\player.h">
      <Filter>Player</Filter>
    </ClInclude>
    <ClInclude Include="..\src\Scenes\gameplay.h">
      <Filter>Scenes</Filter>
    </ClInclude>
    <ClInclude Include="..\src\Scenes\menu.h">
      <Filter>Scenes</Filter>
    </ClInclude>
    <ClInclude Include="..\src\Logic\game.h">
      <Filter>Logic</Filter>
    </ClInclude>
    <ClInclude Include="..\src\Utility\camera.h">
      <Filter>Utility</Filter>
    </ClInclude>
    <ClInclude Include="..\src\Utility\const_data.h">
      <Filter>Utility</Filter>
    </ClInclude>
    <ClInclude Include="gameOver.h">
      <Filter>Scenes</Filter>
    </ClInclude>
    <ClInclude Include="credits.h">
      <Filter>Scenes</Filter>
    </ClInclude>
  </ItemGroup>
</Project>